
Microsoft Visual Studio Solution File, Format Version 12.00
# Visual Studio Version 16
VisualStudioVersion = 16.0.37507.1
MinimumVisualStudioVersion = 10.0.40219.1
Project("{888888A0-9F3D-457C-B088-3A5042F75D52}") = "Nauka Python", "Nauka Python.pyproj", "{D4786DA2-8F5F-4AA3-90BA-81630C9E41DC}"
EndProject
Global
	GlobalSection(SolutionConfigurationPlatforms) = preSolution
		Debug|Any CPU = Debug|Any CPU
		Release|Any CPU = Release|Any CPU
	EndGlobalSection
	GlobalSection(ProjectConfigurationPlatforms) = postSolution
		{D4786DA2-8F5F-4AA3-90BA-81630C9E41DC}.Debug|Any CPU.ActiveCfg = Debug|Any CPU
		{D4786DA2-8F5F-4AA3-90BA-81630C9E41DC}.Release|Any CPU.ActiveCfg = Release|Any CPU
	EndGlobalSection
	GlobalSection(SolutionProperties) = preSolution
		HideSolutionNode = FALSE
	EndGlobalSection
	GlobalSection(ExtensibilityGlobals) = postSolution
		SolutionGuid = {C537274B-403E-475D-A0EB-F0A5027AE295}
	EndGlobalSection
EndGlobal
